
Microsoft Visual Studio Solution File, Format Version 12.00
# Visual Studio Version 17
VisualStudioVersion = 17.10.34928.147
MinimumVisualStudioVersion = 10.0.40219.1
Project("{8BC9CEB8-8B4A-11D0-8D11-00A0C91BC942}") = "ByfronXMemChecks", "ByfronXMemChecks\ByfronXMemChecks.vcxproj", "{9DD3679B-6426-47C2-BF08-DAD15848F71A}"
EndProject
Project("{8BC9CEB8-8B4A-11D0-8D11-00A0C91BC942}") = "AllocTest", "AllocTest\AllocTest.vcxproj", "{3EFB8D43-CC7F-47D4-A5FA-557AC89D5981}"
EndProject
Global
	GlobalSection(SolutionConfigurationPlatforms) = preSolution
		Debug|x64 = Debug|x64
		Debug|x86 = Debug|x86
		Release|x64 = Release|x64
		Release|x86 = Release|x86
	EndGlobalSection
	GlobalSection(ProjectConfigurationPlatforms) = postSolution
		{9DD3679B-6426-47C2-BF08-DAD15848F71A}.Debug|x64.ActiveCfg = Debug|x64
		{9DD3679B-6426-47C2-BF08-DAD15848F71A}.Debug|x64.Build.0 = Debug|x64
		{9DD3679B-6426-47C2-BF08-DAD15848F71A}.Debug|x86.ActiveCfg = Debug|Win32
		{9DD3679B-6426-47C2-BF08-DAD15848F71A}.Debug|x86.Build.0 = Debug|Win32
		{9DD3679B-6426-47C2-BF08-DAD15848F71A}.Release|x64.ActiveCfg = Release|x64
		{9DD3679B-6426-47C2-BF08-DAD15848F71A}.Release|x64.Build.0 = Release|x64
		{9DD3679B-6426-47C2-BF08-DAD15848F71A}.Release|x86.ActiveCfg = Release|Win32
		{9DD3679B-6426-47C2-BF08-DAD15848F71A}.Release|x86.Build.0 = Release|Win32
		{3EFB8D43-CC7F-47D4-A5FA-557AC89D5981}.Debug|x64.ActiveCfg = Debug|x64
		{3EFB8D43-CC7F-47D4-A5FA-557AC89D5981}.Debug|x64.Build.0 = Debug|x64
		{3EFB8D43-CC7F-47D4-A5FA-557AC89D5981}.Debug|x86.ActiveCfg = Debug|Win32
		{3EFB8D43-CC7F-47D4-A5FA-557AC89D5981}.Debug|x86.Build.0 = Debug|Win32
		{3EFB8D43-CC7F-47D4-A5FA-557AC89D5981}.Release|x64.ActiveCfg = Release|x64
		{3EFB8D43-CC7F-47D4-A5FA-557AC89D5981}.Release|x64.Build.0 = Release|x64
		{3EFB8D43-CC7F-47D4-A5FA-557AC89D5981}.Release|x86.ActiveCfg = Release|Win32
		{3EFB8D43-CC7F-47D4-A5FA-557AC89D5981}.Release|x86.Build.0 = Release|Win32
	EndGlobalSection
	GlobalSection(SolutionProperties) = preSolution
		HideSolutionNode = FALSE
	EndGlobalSection
	GlobalSection(ExtensibilityGlobals) = postSolution
		SolutionGuid = {FEF5B25D-C202-4A58-A7E7-40F3D722D4FA}
	EndGlobalSection
EndGlobal
